
Microsoft Visual Studio Solution File, Format Version 12.00
# Visual Studio 15
VisualStudioVersion = 15.0.28010.2016
MinimumVisualStudioVersion = 10.0.40219.1
Project("{9A19103F-16F7-4668-BE54-9A1E7A4F7556}") = "HtmlToPdfConverter", "HtmlToPdfConverter\HtmlToPdfConverter.csproj", "{4AAF1674-6429-4E8F-87F6-F90E690CC5C8}"
EndProject
Project("{FAE04EC0-301F-11D3-BF4B-00C04F79EFBC}") = "Trigger", "Trigger\Trigger.csproj", "{7C6B310E-43B3-4FD7-9535-CE3A417C7C7D}"
EndProject
Global
	GlobalSection(SolutionConfigurationPlatforms) = preSolution
		Debug|Any CPU = Debug|Any CPU
		Release|Any CPU = Release|Any CPU
	EndGlobalSection
	GlobalSection(ProjectConfigurationPlatforms) = postSolution
		{4AAF1674-6429-4E8F-87F6-F90E690CC5C8}.Debug|Any CPU.ActiveCfg = Debug|Any CPU
		{4AAF1674-6429-4E8F-87F6-F90E690CC5C8}.Debug|Any CPU.Build.0 = Debug|Any CPU
		{4AAF1674-6429-4E8F-87F6-F90E690CC5C8}.Release|Any CPU.ActiveCfg = Release|Any CPU
		{4AAF1674-6429-4E8F-87F6-F90E690CC5C8}.Release|Any CPU.Build.0 = Release|Any CPU
		{7C6B310E-43B3-4FD7-9535-CE3A417C7C7D}.Debug|Any CPU.ActiveCfg = Debug|Any CPU
		{7C6B310E-43B3-4FD7-9535-CE3A417C7C7D}.Debug|Any CPU.Build.0 = Debug|Any CPU
		{7C6B310E-43B3-4FD7-9535-CE3A417C7C7D}.Release|Any CPU.ActiveCfg = Release|Any CPU
		{7C6B310E-43B3-4FD7-9535-CE3A417C7C7D}.Release|Any CPU.Build.0 = Release|Any CPU
	EndGlobalSection
	GlobalSection(SolutionProperties) = preSolution
		HideSolutionNode = FALSE
	EndGlobalSection
	GlobalSection(ExtensibilityGlobals) = postSolution
		SolutionGuid = {4197D64C-8F3F-4DBB-9445-37F6FA025914}
	EndGlobalSection
EndGlobal
